
Microsoft Visual Studio Solution File, Format Version 12.00
# Visual Studio Version 17
VisualStudioVersion = 17.2.32505.173
MinimumVisualStudioVersion = 10.0.40219.1
Project("{9A19103F-16F7-4668-BE54-9A1E7A4F7556}") = "BlogAppAPI", "CourseBlogApp\BlogAppAPI.csproj", "{AF51512C-1BEB-462B-B6DC-A06D750AB35A}"
EndProject
Project("{FAE04EC0-301F-11D3-BF4B-00C04F79EFBC}") = "Domain", "Domain\Domain.csproj", "{149722A4-4CA8-4427-BE77-4739B8BA5F31}"
EndProject
Project("{FAE04EC0-301F-11D3-BF4B-00C04F79EFBC}") = "Infrastructure", "Infrastructure\Infrastructure.csproj", "{CC20C6C9-6E92-4FB4-BF47-D86F45BF492F}"
EndProject
Project("{FAE04EC0-301F-11D3-BF4B-00C04F79EFBC}") = "Application", "Application\Application.csproj", "{43A1B55D-6503-45EC-9A3D-FD0986FC97CA}"
EndProject
Global
	GlobalSection(SolutionConfigurationPlatforms) = preSolution
		Debug|Any CPU = Debug|Any CPU
		Release|Any CPU = Release|Any CPU
	EndGlobalSection
	GlobalSection(ProjectConfigurationPlatforms) = postSolution
		{AF51512C-1BEB-462B-B6DC-A06D750AB35A}.Debug|Any CPU.ActiveCfg = Debug|Any CPU
		{AF51512C-1BEB-462B-B6DC-A06D750AB35A}.Debug|Any CPU.Build.0 = Debug|Any CPU
		{AF51512C-1BEB-462B-B6DC-A06D750AB35A}.Release|Any CPU.ActiveCfg = Release|Any CPU
		{AF51512C-1BEB-462B-B6DC-A06D750AB35A}.Release|Any CPU.Build.0 = Release|Any CPU
		{149722A4-4CA8-4427-BE77-4739B8BA5F31}.Debug|Any CPU.ActiveCfg = Debug|Any CPU
		{149722A4-4CA8-4427-BE77-4739B8BA5F31}.Debug|Any CPU.Build.0 = Debug|Any CPU
		{149722A4-4CA8-4427-BE77-4739B8BA5F31}.Release|Any CPU.ActiveCfg = Release|Any CPU
		{149722A4-4CA8-4427-BE77-4739B8BA5F31}.Release|Any CPU.Build.0 = Release|Any CPU
		{CC20C6C9-6E92-4FB4-BF47-D86F45BF492F}.Debug|Any CPU.ActiveCfg = Debug|Any CPU
		{CC20C6C9-6E92-4FB4-BF47-D86F45BF492F}.Debug|Any CPU.Build.0 = Debug|Any CPU
		{CC20C6C9-6E92-4FB4-BF47-D86F45BF492F}.Release|Any CPU.ActiveCfg = Release|Any CPU
		{CC20C6C9-6E92-4FB4-BF47-D86F45BF492F}.Release|Any CPU.Build.0 = Release|Any CPU
		{43A1B55D-6503-45EC-9A3D-FD0986FC97CA}.Debug|Any CPU.ActiveCfg = Debug|Any CPU
		{43A1B55D-6503-45EC-9A3D-FD0986FC97CA}.Debug|Any CPU.Build.0 = Debug|Any CPU
		{43A1B55D-6503-45EC-9A3D-FD0986FC97CA}.Release|Any CPU.ActiveCfg = Release|Any CPU
		{43A1B55D-6503-45EC-9A3D-FD0986FC97CA}.Release|Any CPU.Build.0 = Release|Any CPU
	EndGlobalSection
	GlobalSection(SolutionProperties) = preSolution
		HideSolutionNode = FALSE
	EndGlobalSection
	GlobalSection(ExtensibilityGlobals) = postSolution
		SolutionGuid = {3CD3E2D8-5E68-41B5-9915-02AAA4AB3CB9}
	EndGlobalSection
EndGlobal
